// !$*UTF8*$!
{
	archiveVersion = 1;
	classes = {
	};
	objectVersion = 46;
	objects = {

/* Begin PBXBuildFile section */
		84E15CB01D8E26B7009F4DA7 /* PatientProfileViewController.m in Sources */ = {isa = PBXBuildFile; fileRef = 84E15CAE1D8E26B7009F4DA7 /* PatientProfileViewController.m */; };
		84E15CB11D8E26B7009F4DA7 /* PatientProfileViewController.xib in Resources */ = {isa = PBXBuildFile; fileRef = 84E15CAF1D8E26B7009F4DA7 /* PatientProfileViewController.xib */; };
		84E15CBB1D8E4593009F4DA7 /* PrescriptionViewController.m in Sources */ = {isa = PBXBuildFile; fileRef = 84E15CB91D8E4593009F4DA7 /* PrescriptionViewController.m */; };
		84E15CBC1D8E4593009F4DA7 /* PrescriptionViewController.xib in Resources */ = {isa = PBXBuildFile; fileRef = 84E15CBA1D8E4593009F4DA7 /* PrescriptionViewController.xib */; };
		84E15CBE1D8E4606009F4DA7 /* top-nav-presc.png in Resources */ = {isa = PBXBuildFile; fileRef = 84E15CBD1D8E4606009F4DA7 /* top-nav-presc.png */; };
		84E15CC31D8E53EB009F4DA7 /* input-bkgd.png in Resources */ = {isa = PBXBuildFile; fileRef = 84E15CC21D8E53EB009F4DA7 /* input-bkgd.png */; };
		FC1B24F51D8CE24800BC6383 /* main.m in Sources */ = {isa = PBXBuildFile; fileRef = FC1B24F41D8CE24800BC6383 /* main.m */; };
		FC1B24F81D8CE24800BC6383 /* AppDelegate.m in Sources */ = {isa = PBXBuildFile; fileRef = FC1B24F71D8CE24800BC6383 /* AppDelegate.m */; };
		FC1B25001D8CE24800BC6383 /* Assets.xcassets in Resources */ = {isa = PBXBuildFile; fileRef = FC1B24FF1D8CE24800BC6383 /* Assets.xcassets */; };
		FC1B25031D8CE24800BC6383 /* LaunchScreen.storyboard in Resources */ = {isa = PBXBuildFile; fileRef = FC1B25011D8CE24800BC6383 /* LaunchScreen.storyboard */; };
		FC1B250B1D8CE48A00BC6383 /* GoogleService-Info.plist in Resources */ = {isa = PBXBuildFile; fileRef = FC1B250A1D8CE48A00BC6383 /* GoogleService-Info.plist */; };
		FC37EBA81D8E2D3D009AB657 /* icon-home.png in Resources */ = {isa = PBXBuildFile; fileRef = FC37EBA71D8E2D3D009AB657 /* icon-home.png */; };
		FC74A1201D8E161500DA6021 /* DashBoardTableViewCell.m in Sources */ = {isa = PBXBuildFile; fileRef = FC74A11E1D8E161500DA6021 /* DashBoardTableViewCell.m */; };
		FC74A1211D8E161500DA6021 /* DashBoardTableViewCell.xib in Resources */ = {isa = PBXBuildFile; fileRef = FC74A11F1D8E161500DA6021 /* DashBoardTableViewCell.xib */; };
		FC74A1231D8E168C00DA6021 /* icon-webcam.png in Resources */ = {isa = PBXBuildFile; fileRef = FC74A1221D8E168C00DA6021 /* icon-webcam.png */; };
		FC74A1271D8E24A000DA6021 /* AppointmentViewController.m in Sources */ = {isa = PBXBuildFile; fileRef = FC74A1251D8E24A000DA6021 /* AppointmentViewController.m */; };
		FC74A1281D8E24A000DA6021 /* AppointmentViewController.xib in Resources */ = {isa = PBXBuildFile; fileRef = FC74A1261D8E24A000DA6021 /* AppointmentViewController.xib */; };
		FC74A12B1D8E259700DA6021 /* top-nav-dash.png in Resources */ = {isa = PBXBuildFile; fileRef = FC74A1291D8E259700DA6021 /* top-nav-dash.png */; };
		FC74A12C1D8E259700DA6021 /* top-nav-profile.png in Resources */ = {isa = PBXBuildFile; fileRef = FC74A12A1D8E259700DA6021 /* top-nav-profile.png */; };
		FC74A12E1D8E25D100DA6021 /* top-nav-appt.png in Resources */ = {isa = PBXBuildFile; fileRef = FC74A12D1D8E25D100DA6021 /* top-nav-appt.png */; };
		FCA20D1C1D8CE61900B7C6F3 /* LoginViewController.m in Sources */ = {isa = PBXBuildFile; fileRef = FCA20D1A1D8CE61900B7C6F3 /* LoginViewController.m */; };
		FCA20D1D1D8CE61900B7C6F3 /* LoginViewController.xib in Resources */ = {isa = PBXBuildFile; fileRef = FCA20D1B1D8CE61900B7C6F3 /* LoginViewController.xib */; };
		FCA5BD7E1D8DDA3C00E5C7EA /* Splash.png in Resources */ = {isa = PBXBuildFile; fileRef = FCA5BD7D1D8DDA3C00E5C7EA /* Splash.png */; };
		FCA5BD801D8DDBD500E5C7EA /* Login.png in Resources */ = {isa = PBXBuildFile; fileRef = FCA5BD7F1D8DDBD500E5C7EA /* Login.png */; };
		FCA5BD821D8DDCE800E5C7EA /* textFieldAlpha.png in Resources */ = {isa = PBXBuildFile; fileRef = FCA5BD811D8DDCE800E5C7EA /* textFieldAlpha.png */; };
		FCA5BD841D8DE1EF00E5C7EA /* AlertDialog.png in Resources */ = {isa = PBXBuildFile; fileRef = FCA5BD831D8DE1EF00E5C7EA /* AlertDialog.png */; };
		FCA5BD871D8DE7FB00E5C7EA /* MyUserDefaults.m in Sources */ = {isa = PBXBuildFile; fileRef = FCA5BD861D8DE7FB00E5C7EA /* MyUserDefaults.m */; };
		FCA5BD8B1D8DF4DB00E5C7EA /* icon-settings.png in Resources */ = {isa = PBXBuildFile; fileRef = FCA5BD8A1D8DF4DB00E5C7EA /* icon-settings.png */; };
		FCA5BD981D8DF73D00E5C7EA /* AlertDialog.png in Resources */ = {isa = PBXBuildFile; fileRef = FCA5BD8E1D8DF73D00E5C7EA /* AlertDialog.png */; };
		FCA5BD991D8DF73D00E5C7EA /* bottom-nav-stripe.png in Resources */ = {isa = PBXBuildFile; fileRef = FCA5BD8F1D8DF73D00E5C7EA /* bottom-nav-stripe.png */; };
		FCA5BD9A1D8DF73D00E5C7EA /* icon-appt.png in Resources */ = {isa = PBXBuildFile; fileRef = FCA5BD901D8DF73D00E5C7EA /* icon-appt.png */; };
		FCA5BD9B1D8DF73D00E5C7EA /* icon-presc.png in Resources */ = {isa = PBXBuildFile; fileRef = FCA5BD911D8DF73D00E5C7EA /* icon-presc.png */; };
		FCA5BD9C1D8DF73D00E5C7EA /* icon-profile.png in Resources */ = {isa = PBXBuildFile; fileRef = FCA5BD921D8DF73D00E5C7EA /* icon-profile.png */; };
		FCA5BD9D1D8DF73D00E5C7EA /* icon-settings.png in Resources */ = {isa = PBXBuildFile; fileRef = FCA5BD931D8DF73D00E5C7EA /* icon-settings.png */; };
		FCA5BD9E1D8DF73D00E5C7EA /* Login.png in Resources */ = {isa = PBXBuildFile; fileRef = FCA5BD941D8DF73D00E5C7EA /* Login.png */; };
		FCA5BD9F1D8DF73D00E5C7EA /* Splash.png in Resources */ = {isa = PBXBuildFile; fileRef = FCA5BD951D8DF73D00E5C7EA /* Splash.png */; };
		FCA5BDA01D8DF73D00E5C7EA /* textFieldAlpha.png in Resources */ = {isa = PBXBuildFile; fileRef = FCA5BD961D8DF73D00E5C7EA /* textFieldAlpha.png */; };
		FCE49DE21D8DC57E00F6496E /* DashBoardViewController.m in Sources */ = {isa = PBXBuildFile; fileRef = FCE49DE01D8DC57E00F6496E /* DashBoardViewController.m */; };
		FCE49DE31D8DC57E00F6496E /* DashBoardViewController.xib in Resources */ = {isa = PBXBuildFile; fileRef = FCE49DE11D8DC57E00F6496E /* DashBoardViewController.xib */; };
		FCE49DE61D8DC76000F6496E /* DataBaseManager.m in Sources */ = {isa = PBXBuildFile; fileRef = FCE49DE51D8DC76000F6496E /* DataBaseManager.m */; };
/* End PBXBuildFile section */

/* Begin PBXFileReference section */
		84E15CAD1D8E26B7009F4DA7 /* PatientProfileViewController.h */ = {isa = PBXFileReference; fileEncoding = 4; lastKnownFileType = sourcecode.c.h; path = PatientProfileViewController.h; sourceTree = "<group>"; };
		84E15CAE1D8E26B7009F4DA7 /* PatientProfileViewController.m */ = {isa = PBXFileReference; fileEncoding = 4; lastKnownFileType = sourcecode.c.objc; path = PatientProfileViewController.m; sourceTree = "<group>"; };
		84E15CAF1D8E26B7009F4DA7 /* PatientProfileViewController.xib */ = {isa = PBXFileReference; fileEncoding = 4; lastKnownFileType = file.xib; path = PatientProfileViewController.xib; sourceTree = "<group>"; };
		84E15CB81D8E4593009F4DA7 /* PrescriptionViewController.h */ = {isa = PBXFileReference; fileEncoding = 4; lastKnownFileType = sourcecode.c.h; path = PrescriptionViewController.h; sourceTree = "<group>"; };
		84E15CB91D8E4593009F4DA7 /* PrescriptionViewController.m */ = {isa = PBXFileReference; fileEncoding = 4; lastKnownFileType = sourcecode.c.objc; path = PrescriptionViewController.m; sourceTree = "<group>"; };
		84E15CBA1D8E4593009F4DA7 /* PrescriptionViewController.xib */ = {isa = PBXFileReference; fileEncoding = 4; lastKnownFileType = file.xib; path = PrescriptionViewController.xib; sourceTree = "<group>"; };
		84E15CBD1D8E4606009F4DA7 /* top-nav-presc.png */ = {isa = PBXFileReference; lastKnownFileType = image.png; path = "top-nav-presc.png"; sourceTree = "<group>"; };
		84E15CC21D8E53EB009F4DA7 /* input-bkgd.png */ = {isa = PBXFileReference; lastKnownFileType = image.png; path = "input-bkgd.png"; sourceTree = "<group>"; };
		9F17758C0D935106CF2EC7F4 /* Pods-DoctorApp.release.xcconfig */ = {isa = PBXFileReference; includeInIndex = 1; lastKnownFileType = text.xcconfig; name = "Pods-DoctorApp.release.xcconfig"; path = "Pods/Target Support Files/Pods-DoctorApp/Pods-DoctorApp.release.xcconfig"; sourceTree = "<group>"; };
		C44DD532AC8DED116375EE24 /* libPods-DoctorApp.a */ = {isa = PBXFileReference; explicitFileType = archive.ar; includeInIndex = 0; path = "libPods-DoctorApp.a"; sourceTree = BUILT_PRODUCTS_DIR; };
		E5249B6D4CB6DC232951D00A /* Pods-DoctorApp.debug.xcconfig */ = {isa = PBXFileReference; includeInIndex = 1; lastKnownFileType = text.xcconfig; name = "Pods-DoctorApp.debug.xcconfig"; path = "Pods/Target Support Files/Pods-DoctorApp/Pods-DoctorApp.debug.xcconfig"; sourceTree = "<group>"; };
		FC1B24F01D8CE24800BC6383 /* DoctorApp.app */ = {isa = PBXFileReference; explicitFileType = wrapper.application; includeInIndex = 0; path = DoctorApp.app; sourceTree = BUILT_PRODUCTS_DIR; };
		FC1B24F41D8CE24800BC6383 /* main.m */ = {isa = PBXFileReference; lastKnownFileType = sourcecode.c.objc; path = main.m; sourceTree = "<group>"; };
		FC1B24F61D8CE24800BC6383 /* AppDelegate.h */ = {isa = PBXFileReference; lastKnownFileType = sourcecode.c.h; path = AppDelegate.h; sourceTree = "<group>"; };
		FC1B24F71D8CE24800BC6383 /* AppDelegate.m */ = {isa = PBXFileReference; lastKnownFileType = sourcecode.c.objc; path = AppDelegate.m; sourceTree = "<group>"; };
		FC1B24FF1D8CE24800BC6383 /* Assets.xcassets */ = {isa = PBXFileReference; lastKnownFileType = folder.assetcatalog; path = Assets.xcassets; sourceTree = "<group>"; };
		FC1B25021D8CE24800BC6383 /* Base */ = {isa = PBXFileReference; lastKnownFileType = file.storyboard; name = Base; path = Base.lproj/LaunchScreen.storyboard; sourceTree = "<group>"; };
		FC1B25041D8CE24800BC6383 /* Info.plist */ = {isa = PBXFileReference; lastKnownFileType = text.plist.xml; path = Info.plist; sourceTree = "<group>"; };
		FC1B250A1D8CE48A00BC6383 /* GoogleService-Info.plist */ = {isa = PBXFileReference; fileEncoding = 4; lastKnownFileType = text.plist.xml; path = "GoogleService-Info.plist"; sourceTree = "<group>"; };
		FC37EBA71D8E2D3D009AB657 /* icon-home.png */ = {isa = PBXFileReference; lastKnownFileType = image.png; name = "icon-home.png"; path = "Images/icon-home.png"; sourceTree = "<group>"; };
		FC74A11D1D8E161500DA6021 /* DashBoardTableViewCell.h */ = {isa = PBXFileReference; fileEncoding = 4; lastKnownFileType = sourcecode.c.h; path = DashBoardTableViewCell.h; sourceTree = "<group>"; };
		FC74A11E1D8E161500DA6021 /* DashBoardTableViewCell.m */ = {isa = PBXFileReference; fileEncoding = 4; lastKnownFileType = sourcecode.c.objc; path = DashBoardTableViewCell.m; sourceTree = "<group>"; };
		FC74A11F1D8E161500DA6021 /* DashBoardTableViewCell.xib */ = {isa = PBXFileReference; fileEncoding = 4; lastKnownFileType = file.xib; path = DashBoardTableViewCell.xib; sourceTree = "<group>"; };
		FC74A1221D8E168C00DA6021 /* icon-webcam.png */ = {isa = PBXFileReference; lastKnownFileType = image.png; name = "icon-webcam.png"; path = "Images/icon-webcam.png"; sourceTree = "<group>"; };
		FC74A1241D8E24A000DA6021 /* AppointmentViewController.h */ = {isa = PBXFileReference; fileEncoding = 4; lastKnownFileType = sourcecode.c.h; path = AppointmentViewController.h; sourceTree = "<group>"; };
		FC74A1251D8E24A000DA6021 /* AppointmentViewController.m */ = {isa = PBXFileReference; fileEncoding = 4; lastKnownFileType = sourcecode.c.objc; path = AppointmentViewController.m; sourceTree = "<group>"; };
		FC74A1261D8E24A000DA6021 /* AppointmentViewController.xib */ = {isa = PBXFileReference; fileEncoding = 4; lastKnownFileType = file.xib; path = AppointmentViewController.xib; sourceTree = "<group>"; };
		FC74A1291D8E259700DA6021 /* top-nav-dash.png */ = {isa = PBXFileReference; lastKnownFileType = image.png; name = "top-nav-dash.png"; path = "Images/top-nav-dash.png"; sourceTree = "<group>"; };
		FC74A12A1D8E259700DA6021 /* top-nav-profile.png */ = {isa = PBXFileReference; lastKnownFileType = image.png; name = "top-nav-profile.png"; path = "Images/top-nav-profile.png"; sourceTree = "<group>"; };
		FC74A12D1D8E25D100DA6021 /* top-nav-appt.png */ = {isa = PBXFileReference; lastKnownFileType = image.png; name = "top-nav-appt.png"; path = "Images/top-nav-appt.png"; sourceTree = "<group>"; };
		FCA20D181D8CE5BB00B7C6F3 /* DoctorApp.entitlements */ = {isa = PBXFileReference; lastKnownFileType = text.xml; path = DoctorApp.entitlements; sourceTree = "<group>"; };
		FCA20D191D8CE61900B7C6F3 /* LoginViewController.h */ = {isa = PBXFileReference; fileEncoding = 4; lastKnownFileType = sourcecode.c.h; path = LoginViewController.h; sourceTree = "<group>"; };
		FCA20D1A1D8CE61900B7C6F3 /* LoginViewController.m */ = {isa = PBXFileReference; fileEncoding = 4; lastKnownFileType = sourcecode.c.objc; path = LoginViewController.m; sourceTree = "<group>"; };
		FCA20D1B1D8CE61900B7C6F3 /* LoginViewController.xib */ = {isa = PBXFileReference; fileEncoding = 4; lastKnownFileType = file.xib; path = LoginViewController.xib; sourceTree = "<group>"; };
		FCA5BD7D1D8DDA3C00E5C7EA /* Splash.png */ = {isa = PBXFileReference; lastKnownFileType = image.png; name = Splash.png; path = Images/Splash.png; sourceTree = "<group>"; };
		FCA5BD7F1D8DDBD500E5C7EA /* Login.png */ = {isa = PBXFileReference; lastKnownFileType = image.png; name = Login.png; path = Images/Login.png; sourceTree = "<group>"; };
		FCA5BD811D8DDCE800E5C7EA /* textFieldAlpha.png */ = {isa = PBXFileReference; lastKnownFileType = image.png; name = textFieldAlpha.png; path = Images/textFieldAlpha.png; sourceTree = "<group>"; };
		FCA5BD831D8DE1EF00E5C7EA /* AlertDialog.png */ = {isa = PBXFileReference; lastKnownFileType = image.png; name = AlertDialog.png; path = Images/AlertDialog.png; sourceTree = "<group>"; };
		FCA5BD851D8DE7FB00E5C7EA /* MyUserDefaults.h */ = {isa = PBXFileReference; fileEncoding = 4; lastKnownFileType = sourcecode.c.h; path = MyUserDefaults.h; sourceTree = "<group>"; };
		FCA5BD861D8DE7FB00E5C7EA /* MyUserDefaults.m */ = {isa = PBXFileReference; fileEncoding = 4; lastKnownFileType = sourcecode.c.objc; path = MyUserDefaults.m; sourceTree = "<group>"; };
		FCA5BD8A1D8DF4DB00E5C7EA /* icon-settings.png */ = {isa = PBXFileReference; lastKnownFileType = image.png; name = "icon-settings.png"; path = "Images/icon-settings.png"; sourceTree = "<group>"; };
		FCA5BD8C1D8DF5B500E5C7EA /* top-nav-dash.png */ = {isa = PBXFileReference; lastKnownFileType = image.png; name = "top-nav-dash.png"; path = "Images/top-nav-dash.png"; sourceTree = "<group>"; };
		FCA5BD8E1D8DF73D00E5C7EA /* AlertDialog.png */ = {isa = PBXFileReference; lastKnownFileType = image.png; name = AlertDialog.png; path = Images/AlertDialog.png; sourceTree = "<group>"; };
		FCA5BD8F1D8DF73D00E5C7EA /* bottom-nav-stripe.png */ = {isa = PBXFileReference; lastKnownFileType = image.png; name = "bottom-nav-stripe.png"; path = "Images/bottom-nav-stripe.png"; sourceTree = "<group>"; };
		FCA5BD901D8DF73D00E5C7EA /* icon-appt.png */ = {isa = PBXFileReference; lastKnownFileType = image.png; name = "icon-appt.png"; path = "Images/icon-appt.png"; sourceTree = "<group>"; };
		FCA5BD911D8DF73D00E5C7EA /* icon-presc.png */ = {isa = PBXFileReference; lastKnownFileType = image.png; name = "icon-presc.png"; path = "Images/icon-presc.png"; sourceTree = "<group>"; };
		FCA5BD921D8DF73D00E5C7EA /* icon-profile.png */ = {isa = PBXFileReference; lastKnownFileType = image.png; name = "icon-profile.png"; path = "Images/icon-profile.png"; sourceTree = "<group>"; };
		FCA5BD931D8DF73D00E5C7EA /* icon-settings.png */ = {isa = PBXFileReference; lastKnownFileType = image.png; name = "icon-settings.png"; path = "Images/icon-settings.png"; sourceTree = "<group>"; };
		FCA5BD941D8DF73D00E5C7EA /* Login.png */ = {isa = PBXFileReference; lastKnownFileType = image.png; name = Login.png; path = Images/Login.png; sourceTree = "<group>"; };
		FCA5BD951D8DF73D00E5C7EA /* Splash.png */ = {isa = PBXFileReference; lastKnownFileType = image.png; name = Splash.png; path = Images/Splash.png; sourceTree = "<group>"; };
		FCA5BD961D8DF73D00E5C7EA /* textFieldAlpha.png */ = {isa = PBXFileReference; lastKnownFileType = image.png; name = textFieldAlpha.png; path = Images/textFieldAlpha.png; sourceTree = "<group>"; };
		FCE49DDF1D8DC57E00F6496E /* DashBoardViewController.h */ = {isa = PBXFileReference; fileEncoding = 4; lastKnownFileType = sourcecode.c.h; path = DashBoardViewController.h; sourceTree = "<group>"; };
		FCE49DE01D8DC57E00F6496E /* DashBoardViewController.m */ = {isa = PBXFileReference; fileEncoding = 4; lastKnownFileType = sourcecode.c.objc; path = DashBoardViewController.m; sourceTree = "<group>"; };
		FCE49DE11D8DC57E00F6496E /* DashBoardViewController.xib */ = {isa = PBXFileReference; fileEncoding = 4; lastKnownFileType = file.xib; path = DashBoardViewController.xib; sourceTree = "<group>"; };
		FCE49DE41D8DC76000F6496E /* DataBaseManager.h */ = {isa = PBXFileReference; fileEncoding = 4; lastKnownFileType = sourcecode.c.h; path = DataBaseManager.h; sourceTree = "<group>"; };
		FCE49DE51D8DC76000F6496E /* DataBaseManager.m */ = {isa = PBXFileReference; fileEncoding = 4; lastKnownFileType = sourcecode.c.objc; path = DataBaseManager.m; sourceTree = "<group>"; };
/* End PBXFileReference section */

/* Begin PBXFrameworksBuildPhase section */
		FC1B24ED1D8CE24800BC6383 /* Frameworks */ = {
			isa = PBXFrameworksBuildPhase;
			buildActionMask = 2147483647;
			files = (
			);
			runOnlyForDeploymentPostprocessing = 0;
		};
/* End PBXFrameworksBuildPhase section */

/* Begin PBXGroup section */
		D6F984F2040A7343A99E782C /* Pods */ = {
			isa = PBXGroup;
			children = (
				E5249B6D4CB6DC232951D00A /* Pods-DoctorApp.debug.xcconfig */,
				9F17758C0D935106CF2EC7F4 /* Pods-DoctorApp.release.xcconfig */,
			);
			name = Pods;
			sourceTree = "<group>";
		};
		E40B485749C1B2DF9E8E8BBD /* Frameworks */ = {
			isa = PBXGroup;
			children = (
				C44DD532AC8DED116375EE24 /* libPods-DoctorApp.a */,
			);
			name = Frameworks;
			sourceTree = "<group>";
		};
		FC1B24E71D8CE24800BC6383 = {
			isa = PBXGroup;
			children = (
				FC1B24F21D8CE24800BC6383 /* DoctorApp */,
				FC1B24F11D8CE24800BC6383 /* Products */,
				D6F984F2040A7343A99E782C /* Pods */,
				E40B485749C1B2DF9E8E8BBD /* Frameworks */,
			);
			sourceTree = "<group>";
		};
		FC1B24F11D8CE24800BC6383 /* Products */ = {
			isa = PBXGroup;
			children = (
				FC1B24F01D8CE24800BC6383 /* DoctorApp.app */,
			);
			name = Products;
			sourceTree = "<group>";
		};
		FC1B24F21D8CE24800BC6383 /* DoctorApp */ = {
			isa = PBXGroup;
			children = (
				FCE49DE71D8DC76D00F6496E /* Helper */,
				FC5880B41D8DC1FF008E3F0A /* View */,
				FCA20D181D8CE5BB00B7C6F3 /* DoctorApp.entitlements */,
				FC1B24F61D8CE24800BC6383 /* AppDelegate.h */,
				FC1B24F71D8CE24800BC6383 /* AppDelegate.m */,
				FC1B24FF1D8CE24800BC6383 /* Assets.xcassets */,
				FC1B25011D8CE24800BC6383 /* LaunchScreen.storyboard */,
				FC1B250A1D8CE48A00BC6383 /* GoogleService-Info.plist */,
				FC1B25041D8CE24800BC6383 /* Info.plist */,
				FC1B24F31D8CE24800BC6383 /* Supporting Files */,
			);
			path = DoctorApp;
			sourceTree = "<group>";
		};
		FC1B24F31D8CE24800BC6383 /* Supporting Files */ = {
			isa = PBXGroup;
			children = (
				FCA5BD7C1D8DDA2200E5C7EA /* images */,
				FC1B24F41D8CE24800BC6383 /* main.m */,
			);
			name = "Supporting Files";
			sourceTree = "<group>";
		};
		FC5880B41D8DC1FF008E3F0A /* View */ = {
			isa = PBXGroup;
			children = (
				FC74A11C1D8E15DD00DA6021 /* ControlSubClass */,
				FCA20D191D8CE61900B7C6F3 /* LoginViewController.h */,
				FCA20D1A1D8CE61900B7C6F3 /* LoginViewController.m */,
				FCA20D1B1D8CE61900B7C6F3 /* LoginViewController.xib */,
				FCE49DDF1D8DC57E00F6496E /* DashBoardViewController.h */,
				FCE49DE01D8DC57E00F6496E /* DashBoardViewController.m */,
				FCE49DE11D8DC57E00F6496E /* DashBoardViewController.xib */,
				FC74A1241D8E24A000DA6021 /* AppointmentViewController.h */,
				FC74A1251D8E24A000DA6021 /* AppointmentViewController.m */,
				FC74A1261D8E24A000DA6021 /* AppointmentViewController.xib */,
				84E15CAD1D8E26B7009F4DA7 /* PatientProfileViewController.h */,
				84E15CAE1D8E26B7009F4DA7 /* PatientProfileViewController.m */,
				84E15CAF1D8E26B7009F4DA7 /* PatientProfileViewController.xib */,
				84E15CB81D8E4593009F4DA7 /* PrescriptionViewController.h */,
				84E15CB91D8E4593009F4DA7 /* PrescriptionViewController.m */,
				84E15CBA1D8E4593009F4DA7 /* PrescriptionViewController.xib */,
			);
			name = View;
			sourceTree = "<group>";
		};
		FC74A11C1D8E15DD00DA6021 /* ControlSubClass */ = {
			isa = PBXGroup;
			children = (
				FC74A11D1D8E161500DA6021 /* DashBoardTableViewCell.h */,
				FC74A11E1D8E161500DA6021 /* DashBoardTableViewCell.m */,
				FC74A11F1D8E161500DA6021 /* DashBoardTableViewCell.xib */,
			);
			name = ControlSubClass;
			sourceTree = "<group>";
		};
		FCA5BD7C1D8DDA2200E5C7EA /* images */ = {
			isa = PBXGroup;
			children = (
				84E15CC21D8E53EB009F4DA7 /* input-bkgd.png */,
				FC37EBA71D8E2D3D009AB657 /* icon-home.png */,
				FC74A12D1D8E25D100DA6021 /* top-nav-appt.png */,
				FC74A1291D8E259700DA6021 /* top-nav-dash.png */,
				84E15CBD1D8E4606009F4DA7 /* top-nav-presc.png */,
				FC74A12A1D8E259700DA6021 /* top-nav-profile.png */,
				FC74A1221D8E168C00DA6021 /* icon-webcam.png */,
				FCA5BD8E1D8DF73D00E5C7EA /* AlertDialog.png */,
				FCA5BD8F1D8DF73D00E5C7EA /* bottom-nav-stripe.png */,
				FCA5BD901D8DF73D00E5C7EA /* icon-appt.png */,
				FCA5BD911D8DF73D00E5C7EA /* icon-presc.png */,
				FCA5BD921D8DF73D00E5C7EA /* icon-profile.png */,
				FCA5BD931D8DF73D00E5C7EA /* icon-settings.png */,
				FCA5BD941D8DF73D00E5C7EA /* Login.png */,
				FCA5BD951D8DF73D00E5C7EA /* Splash.png */,
				FCA5BD961D8DF73D00E5C7EA /* textFieldAlpha.png */,
				FCA5BD8C1D8DF5B500E5C7EA /* top-nav-dash.png */,
				FCA5BD8A1D8DF4DB00E5C7EA /* icon-settings.png */,
				FCA5BD831D8DE1EF00E5C7EA /* AlertDialog.png */,
				FCA5BD811D8DDCE800E5C7EA /* textFieldAlpha.png */,
				FCA5BD7F1D8DDBD500E5C7EA /* Login.png */,
				FCA5BD7D1D8DDA3C00E5C7EA /* Splash.png */,
			);
			name = images;
			sourceTree = "<group>";
		};
		FCE49DE71D8DC76D00F6496E /* Helper */ = {
			isa = PBXGroup;
			children = (
				FCE49DE41D8DC76000F6496E /* DataBaseManager.h */,
				FCE49DE51D8DC76000F6496E /* DataBaseManager.m */,
				FCA5BD851D8DE7FB00E5C7EA /* MyUserDefaults.h */,
				FCA5BD861D8DE7FB00E5C7EA /* MyUserDefaults.m */,
			);
			name = Helper;
			sourceTree = "<group>";
		};
/* End PBXGroup section */

/* Begin PBXNativeTarget section */
		FC1B24EF1D8CE24800BC6383 /* DoctorApp */ = {
			isa = PBXNativeTarget;
			buildConfigurationList = FC1B25071D8CE24800BC6383 /* Build configuration list for PBXNativeTarget "DoctorApp" */;
			buildPhases = (
				FAE5C6A6558D302338E63282 /* Check Pods Manifest.lock */,
				FC1B24EC1D8CE24800BC6383 /* Sources */,
				FC1B24ED1D8CE24800BC6383 /* Frameworks */,
				FC1B24EE1D8CE24800BC6383 /* Resources */,
				71D487AC538CD526104E7C6E /* Embed Pods Frameworks */,
				32BC5ED3C3DC32F7403A8C7C /* Copy Pods Resources */,
			);
			buildRules = (
			);
			dependencies = (
			);
			name = DoctorApp;
			productName = DoctorApp;
			productReference = FC1B24F01D8CE24800BC6383 /* DoctorApp.app */;
			productType = "com.apple.product-type.application";
		};
/* End PBXNativeTarget section */

/* Begin PBXProject section */
		FC1B24E81D8CE24800BC6383 /* Project object */ = {
			isa = PBXProject;
			attributes = {
				LastUpgradeCheck = 0730;
				ORGANIZATIONNAME = "Ivan Cardenas";
				TargetAttributes = {
					FC1B24EF1D8CE24800BC6383 = {
						CreatedOnToolsVersion = 7.3.1;
						DevelopmentTeam = 95UK85LVH5;
						ProvisioningStyle = Automatic;
						SystemCapabilities = {
							com.apple.Keychain = {
								enabled = 1;
							};
						};
					};
				};
			};
			buildConfigurationList = FC1B24EB1D8CE24800BC6383 /* Build configuration list for PBXProject "DoctorApp" */;
			compatibilityVersion = "Xcode 3.2";
			developmentRegion = English;
			hasScannedForEncodings = 0;
			knownRegions = (
				en,
				Base,
			);
			mainGroup = FC1B24E71D8CE24800BC6383;
			productRefGroup = FC1B24F11D8CE24800BC6383 /* Products */;
			projectDirPath = "";
			projectRoot = "";
			targets = (
				FC1B24EF1D8CE24800BC6383 /* DoctorApp */,
			);
		};
/* End PBXProject section */

/* Begin PBXResourcesBuildPhase section */
		FC1B24EE1D8CE24800BC6383 /* Resources */ = {
			isa = PBXResourcesBuildPhase;
			buildActionMask = 2147483647;
			files = (
				FCA5BD841D8DE1EF00E5C7EA /* AlertDialog.png in Resources */,
				FC1B25031D8CE24800BC6383 /* LaunchScreen.storyboard in Resources */,
				FC1B25001D8CE24800BC6383 /* Assets.xcassets in Resources */,
				FCA5BD8B1D8DF4DB00E5C7EA /* icon-settings.png in Resources */,
				FCA5BD801D8DDBD500E5C7EA /* Login.png in Resources */,
				FCA5BD991D8DF73D00E5C7EA /* bottom-nav-stripe.png in Resources */,
				FC1B250B1D8CE48A00BC6383 /* GoogleService-Info.plist in Resources */,
				FCA5BD9B1D8DF73D00E5C7EA /* icon-presc.png in Resources */,
				FC74A12E1D8E25D100DA6021 /* top-nav-appt.png in Resources */,
				FCA5BD9D1D8DF73D00E5C7EA /* icon-settings.png in Resources */,
				FCA5BD9A1D8DF73D00E5C7EA /* icon-appt.png in Resources */,
				FCA5BD981D8DF73D00E5C7EA /* AlertDialog.png in Resources */,
				FC74A1231D8E168C00DA6021 /* icon-webcam.png in Resources */,
				FCA5BD9E1D8DF73D00E5C7EA /* Login.png in Resources */,
				FCA5BDA01D8DF73D00E5C7EA /* textFieldAlpha.png in Resources */,
				FCA5BD9C1D8DF73D00E5C7EA /* icon-profile.png in Resources */,
				FCA5BD821D8DDCE800E5C7EA /* textFieldAlpha.png in Resources */,
				FCA20D1D1D8CE61900B7C6F3 /* LoginViewController.xib in Resources */,
				FC74A1281D8E24A000DA6021 /* AppointmentViewController.xib in Resources */,
				FCA5BD7E1D8DDA3C00E5C7EA /* Splash.png in Resources */,
				84E15CBC1D8E4593009F4DA7 /* PrescriptionViewController.xib in Resources */,
				FCA5BD9F1D8DF73D00E5C7EA /* Splash.png in Resources */,
				FC74A12B1D8E259700DA6021 /* top-nav-dash.png in Resources */,
				84E15CC31D8E53EB009F4DA7 /* input-bkgd.png in Resources */,
				84E15CBE1D8E4606009F4DA7 /* top-nav-presc.png in Resources */,
				84E15CB11D8E26B7009F4DA7 /* PatientProfileViewController.xib in Resources */,
				FCE49DE31D8DC57E00F6496E /* DashBoardViewController.xib in Resources */,
				FC74A1211D8E161500DA6021 /* DashBoardTableViewCell.xib in Resources */,
				FC74A12C1D8E259700DA6021 /* top-nav-profile.png in Resources */,
				FC37EBA81D8E2D3D009AB657 /* icon-home.png in Resources */,
			);
			runOnlyForDeploymentPostprocessing = 0;
		};
/* End PBXResourcesBuildPhase section */

/* Begin PBXShellScriptBuildPhase section */
		32BC5ED3C3DC32F7403A8C7C /* Copy Pods Resources */ = {
			isa = PBXShellScriptBuildPhase;
			buildActionMask = 2147483647;
			files = (
			);
			inputPaths = (
			);
			name = "Copy Pods Resources";
			outputPaths = (
			);
			runOnlyForDeploymentPostprocessing = 0;
			shellPath = /bin/sh;
			shellScript = "\"${SRCROOT}/Pods/Target Support Files/Pods-DoctorApp/Pods-DoctorApp-resources.sh\"\n";
			showEnvVarsInLog = 0;
		};
		71D487AC538CD526104E7C6E /* Embed Pods Frameworks */ = {
			isa = PBXShellScriptBuildPhase;
			buildActionMask = 2147483647;
			files = (
			);
			inputPaths = (
			);
			name = "Embed Pods Frameworks";
			outputPaths = (
			);
			runOnlyForDeploymentPostprocessing = 0;
			shellPath = /bin/sh;
			shellScript = "\"${SRCROOT}/Pods/Target Support Files/Pods-DoctorApp/Pods-DoctorApp-frameworks.sh\"\n";
			showEnvVarsInLog = 0;
		};
		FAE5C6A6558D302338E63282 /* Check Pods Manifest.lock */ = {
			isa = PBXShellScriptBuildPhase;
			buildActionMask = 2147483647;
			files = (
			);
			inputPaths = (
			);
			name = "Check Pods Manifest.lock";
			outputPaths = (
			);
			runOnlyForDeploymentPostprocessing = 0;
			shellPath = /bin/sh;
			shellScript = "diff \"${PODS_ROOT}/../Podfile.lock\" \"${PODS_ROOT}/Manifest.lock\" > /dev/null\nif [[ $? != 0 ]] ; then\n    cat << EOM\nerror: The sandbox is not in sync with the Podfile.lock. Run 'pod install' or update your CocoaPods installation.\nEOM\n    exit 1\nfi\n";
			showEnvVarsInLog = 0;
		};
/* End PBXShellScriptBuildPhase section */

/* Begin PBXSourcesBuildPhase section */
		FC1B24EC1D8CE24800BC6383 /* Sources */ = {
			isa = PBXSourcesBuildPhase;
			buildActionMask = 2147483647;
			files = (
				FC74A1201D8E161500DA6021 /* DashBoardTableViewCell.m in Sources */,
				FCA5BD871D8DE7FB00E5C7EA /* MyUserDefaults.m in Sources */,
				84E15CBB1D8E4593009F4DA7 /* PrescriptionViewController.m in Sources */,
				FCA20D1C1D8CE61900B7C6F3 /* LoginViewController.m in Sources */,
				FC1B24F81D8CE24800BC6383 /* AppDelegate.m in Sources */,
				FC74A1271D8E24A000DA6021 /* AppointmentViewController.m in Sources */,
				FC1B24F51D8CE24800BC6383 /* main.m in Sources */,
				FCE49DE21D8DC57E00F6496E /* DashBoardViewController.m in Sources */,
				84E15CB01D8E26B7009F4DA7 /* PatientProfileViewController.m in Sources */,
				FCE49DE61D8DC76000F6496E /* DataBaseManager.m in Sources */,
			);
			runOnlyForDeploymentPostprocessing = 0;
		};
/* End PBXSourcesBuildPhase section */

/* Begin PBXVariantGroup section */
		FC1B25011D8CE24800BC6383 /* LaunchScreen.storyboard */ = {
			isa = PBXVariantGroup;
			children = (
				FC1B25021D8CE24800BC6383 /* Base */,
			);
			name = LaunchScreen.storyboard;
			sourceTree = "<group>";
		};
/* End PBXVariantGroup section */

/* Begin XCBuildConfiguration section */
		FC1B25051D8CE24800BC6383 /* Debug */ = {
			isa = XCBuildConfiguration;
			buildSettings = {
				ALWAYS_SEARCH_USER_PATHS = NO;
				CLANG_ANALYZER_NONNULL = YES;
				CLANG_CXX_LANGUAGE_STANDARD = "gnu++0x";
				CLANG_CXX_LIBRARY = "libc++";
				CLANG_ENABLE_MODULES = YES;
				CLANG_ENABLE_OBJC_ARC = YES;
				CLANG_WARN_BOOL_CONVERSION = YES;
				CLANG_WARN_CONSTANT_CONVERSION = YES;
				CLANG_WARN_DIRECT_OBJC_ISA_USAGE = YES_ERROR;
				CLANG_WARN_EMPTY_BODY = YES;
				CLANG_WARN_ENUM_CONVERSION = YES;
				CLANG_WARN_INT_CONVERSION = YES;
				CLANG_WARN_OBJC_ROOT_CLASS = YES_ERROR;
				CLANG_WARN_UNREACHABLE_CODE = YES;
				CLANG_WARN__DUPLICATE_METHOD_MATCH = YES;
				"CODE_SIGN_IDENTITY[sdk=iphoneos*]" = "iPhone Developer";
				COPY_PHASE_STRIP = NO;
				DEBUG_INFORMATION_FORMAT = dwarf;
				ENABLE_STRICT_OBJC_MSGSEND = YES;
				ENABLE_TESTABILITY = YES;
				GCC_C_LANGUAGE_STANDARD = gnu99;
				GCC_DYNAMIC_NO_PIC = NO;
				GCC_NO_COMMON_BLOCKS = YES;
				GCC_OPTIMIZATION_LEVEL = 0;
				GCC_PREPROCESSOR_DEFINITIONS = (
					"DEBUG=1",
					"$(inherited)",
				);
				GCC_WARN_64_TO_32_BIT_CONVERSION = YES;
				GCC_WARN_ABOUT_RETURN_TYPE = YES_ERROR;
				GCC_WARN_UNDECLARED_SELECTOR = YES;
				GCC_WARN_UNINITIALIZED_AUTOS = YES_AGGRESSIVE;
				GCC_WARN_UNUSED_FUNCTION = YES;
				GCC_WARN_UNUSED_VARIABLE = YES;
				IPHONEOS_DEPLOYMENT_TARGET = 9.3;
				MTL_ENABLE_DEBUG_INFO = YES;
				ONLY_ACTIVE_ARCH = YES;
				SDKROOT = iphoneos;
				TARGETED_DEVICE_FAMILY = "1,2";
			};
			name = Debug;
		};
		FC1B25061D8CE24800BC6383 /* Release */ = {
			isa = XCBuildConfiguration;
			buildSettings = {
				ALWAYS_SEARCH_USER_PATHS = NO;
				CLANG_ANALYZER_NONNULL = YES;
				CLANG_CXX_LANGUAGE_STANDARD = "gnu++0x";
				CLANG_CXX_LIBRARY = "libc++";
				CLANG_ENABLE_MODULES = YES;
				CLANG_ENABLE_OBJC_ARC = YES;
				CLANG_WARN_BOOL_CONVERSION = YES;
				CLANG_WARN_CONSTANT_CONVERSION = YES;
				CLANG_WARN_DIRECT_OBJC_ISA_USAGE = YES_ERROR;
				CLANG_WARN_EMPTY_BODY = YES;
				CLANG_WARN_ENUM_CONVERSION = YES;
				CLANG_WARN_INT_CONVERSION = YES;
				CLANG_WARN_OBJC_ROOT_CLASS = YES_ERROR;
				CLANG_WARN_UNREACHABLE_CODE = YES;
				CLANG_WARN__DUPLICATE_METHOD_MATCH = YES;
				"CODE_SIGN_IDENTITY[sdk=iphoneos*]" = "iPhone Developer";
				COPY_PHASE_STRIP = NO;
				DEBUG_INFORMATION_FORMAT = "dwarf-with-dsym";
				ENABLE_NS_ASSERTIONS = NO;
				ENABLE_STRICT_OBJC_MSGSEND = YES;
				GCC_C_LANGUAGE_STANDARD = gnu99;
				GCC_NO_COMMON_BLOCKS = YES;
				GCC_WARN_64_TO_32_BIT_CONVERSION = YES;
				GCC_WARN_ABOUT_RETURN_TYPE = YES_ERROR;
				GCC_WARN_UNDECLARED_SELECTOR = YES;
				GCC_WARN_UNINITIALIZED_AUTOS = YES_AGGRESSIVE;
				GCC_WARN_UNUSED_FUNCTION = YES;
				GCC_WARN_UNUSED_VARIABLE = YES;
				IPHONEOS_DEPLOYMENT_TARGET = 9.3;
				MTL_ENABLE_DEBUG_INFO = NO;
				SDKROOT = iphoneos;
				TARGETED_DEVICE_FAMILY = "1,2";
				VALIDATE_PRODUCT = YES;
			};
			name = Release;
		};
		FC1B25081D8CE24800BC6383 /* Debug */ = {
			isa = XCBuildConfiguration;
			baseConfigurationReference = E5249B6D4CB6DC232951D00A /* Pods-DoctorApp.debug.xcconfig */;
			buildSettings = {
				ASSETCATALOG_COMPILER_APPICON_NAME = AppIcon;
				CODE_SIGN_ENTITLEMENTS = DoctorApp/DoctorApp.entitlements;
				"CODE_SIGN_IDENTITY[sdk=iphoneos*]" = "iPhone Developer";
				DEVELOPMENT_TEAM = 95UK85LVH5;
				INFOPLIST_FILE = DoctorApp/Info.plist;
				LD_RUNPATH_SEARCH_PATHS = "$(inherited) @executable_path/Frameworks";
				PRODUCT_BUNDLE_IDENTIFIER = com.DSIGlobal.DoctorApp;
				PRODUCT_NAME = "$(TARGET_NAME)";
			};
			name = Debug;
		};
		FC1B25091D8CE24800BC6383 /* Release */ = {
			isa = XCBuildConfiguration;
			baseConfigurationReference = 9F17758C0D935106CF2EC7F4 /* Pods-DoctorApp.release.xcconfig */;
			buildSettings = {
				ASSETCATALOG_COMPILER_APPICON_NAME = AppIcon;
				CODE_SIGN_ENTITLEMENTS = DoctorApp/DoctorApp.entitlements;
				"CODE_SIGN_IDENTITY[sdk=iphoneos*]" = "iPhone Developer";
				DEVELOPMENT_TEAM = 95UK85LVH5;
				INFOPLIST_FILE = DoctorApp/Info.plist;
				LD_RUNPATH_SEARCH_PATHS = "$(inherited) @executable_path/Frameworks";
				PRODUCT_BUNDLE_IDENTIFIER = com.DSIGlobal.DoctorApp;
				PRODUCT_NAME = "$(TARGET_NAME)";
			};
			name = Release;
		};
/* End XCBuildConfiguration section */

/* Begin XCConfigurationList section */
		FC1B24EB1D8CE24800BC6383 /* Build configuration list for PBXProject "DoctorApp" */ = {
			isa = XCConfigurationList;
			buildConfigurations = (
				FC1B25051D8CE24800BC6383 /* Debug */,
				FC1B25061D8CE24800BC6383 /* Release */,
			);
			defaultConfigurationIsVisible = 0;
			defaultConfigurationName = Release;
		};
		FC1B25071D8CE24800BC6383 /* Build configuration list for PBXNativeTarget "DoctorApp" */ = {
			isa = XCConfigurationList;
			buildConfigurations = (
				FC1B25081D8CE24800BC6383 /* Debug */,
				FC1B25091D8CE24800BC6383 /* Release */,
			);
			defaultConfigurationIsVisible = 0;
			defaultConfigurationName = Release;
		};
/* End XCConfigurationList section */
	};
	rootObject = FC1B24E81D8CE24800BC6383 /* Project object */;
}
